
Microsoft Visual Studio Solution File, Format Version 12.00
Project("{FAE04EC0-301F-11D3-BF4B-00C04F79EFBC}") = "serialiser-00", "serialiser-00\serialiser-00.csproj", "{441891FC-43FC-4B18-BD69-AC414DAF9924}"
EndProject
Global
	GlobalSection(SolutionConfigurationPlatforms) = preSolution
		Debug|Any CPU = Debug|Any CPU
		Release|Any CPU = Release|Any CPU
	EndGlobalSection
	GlobalSection(ProjectConfigurationPlatforms) = postSolution
		{441891FC-43FC-4B18-BD69-AC414DAF9924}.Debug|Any CPU.ActiveCfg = Debug|Any CPU
		{441891FC-43FC-4B18-BD69-AC414DAF9924}.Debug|Any CPU.Build.0 = Debug|Any CPU
		{441891FC-43FC-4B18-BD69-AC414DAF9924}.Release|Any CPU.ActiveCfg = Release|Any CPU
		{441891FC-43FC-4B18-BD69-AC414DAF9924}.Release|Any CPU.Build.0 = Release|Any CPU
	EndGlobalSection
EndGlobal
